
Microsoft Visual Studio Solution File, Format Version 12.00
# Visual Studio Version 17
VisualStudioVersion = 17.0.31903.59
MinimumVisualStudioVersion = 10.0.40219.1
Project("{FAE04EC0-301F-11D3-BF4B-00C04F79EFBC}") = "EmpSkillHub.Web", "EmpSkillHub.Web\EmpSkillHub.Web.csproj", "{5A632A8E-2673-4A65-A056-2B2F09F94E7A}"
EndProject
Project("{FAE04EC0-301F-11D3-BF4B-00C04F79EFBC}") = "EmpSkillHub.Data", "EmpSkillHub.Data\EmpSkillHub.Data.csproj", "{B3424C9D-F2CE-4454-ACD7-1CD44847921A}"
EndProject
Project("{FAE04EC0-301F-11D3-BF4B-00C04F79EFBC}") = "EmpSkillHub.Repository", "EmpSkillHub.Repository\EmpSkillHub.Repository.csproj", "{C2B35AA1-B8FE-D16D-DD77-CB310A7FC6F4}"
EndProject
Project("{FAE04EC0-301F-11D3-BF4B-00C04F79EFBC}") = "EmpSkillHub.Service", "EmpSkillHub.Service\EmpSkillHub.Service.csproj", "{A366791B-864E-FDC1-705E-123F9658B39C}"
EndProject
Global
	GlobalSection(SolutionConfigurationPlatforms) = preSolution
		Debug|Any CPU = Debug|Any CPU
		Debug|x64 = Debug|x64
		Debug|x86 = Debug|x86
		Release|Any CPU = Release|Any CPU
		Release|x64 = Release|x64
		Release|x86 = Release|x86
	EndGlobalSection
	GlobalSection(ProjectConfigurationPlatforms) = postSolution
		{5A632A8E-2673-4A65-A056-2B2F09F94E7A}.Debug|Any CPU.ActiveCfg = Debug|Any CPU
		{5A632A8E-2673-4A65-A056-2B2F09F94E7A}.Debug|Any CPU.Build.0 = Debug|Any CPU
		{5A632A8E-2673-4A65-A056-2B2F09F94E7A}.Debug|x64.ActiveCfg = Debug|Any CPU
		{5A632A8E-2673-4A65-A056-2B2F09F94E7A}.Debug|x64.Build.0 = Debug|Any CPU
		{5A632A8E-2673-4A65-A056-2B2F09F94E7A}.Debug|x86.ActiveCfg = Debug|Any CPU
		{5A632A8E-2673-4A65-A056-2B2F09F94E7A}.Debug|x86.Build.0 = Debug|Any CPU
		{5A632A8E-2673-4A65-A056-2B2F09F94E7A}.Release|Any CPU.ActiveCfg = Release|Any CPU
		{5A632A8E-2673-4A65-A056-2B2F09F94E7A}.Release|Any CPU.Build.0 = Release|Any CPU
		{5A632A8E-2673-4A65-A056-2B2F09F94E7A}.Release|x64.ActiveCfg = Release|Any CPU
		{5A632A8E-2673-4A65-A056-2B2F09F94E7A}.Release|x64.Build.0 = Release|Any CPU
		{5A632A8E-2673-4A65-A056-2B2F09F94E7A}.Release|x86.ActiveCfg = Release|Any CPU
		{5A632A8E-2673-4A65-A056-2B2F09F94E7A}.Release|x86.Build.0 = Release|Any CPU
		{B3424C9D-F2CE-4454-ACD7-1CD44847921A}.Debug|Any CPU.ActiveCfg = Debug|Any CPU
		{B3424C9D-F2CE-4454-ACD7-1CD44847921A}.Debug|Any CPU.Build.0 = Debug|Any CPU
		{B3424C9D-F2CE-4454-ACD7-1CD44847921A}.Debug|x64.ActiveCfg = Debug|Any CPU
		{B3424C9D-F2CE-4454-ACD7-1CD44847921A}.Debug|x64.Build.0 = Debug|Any CPU
		{B3424C9D-F2CE-4454-ACD7-1CD44847921A}.Debug|x86.ActiveCfg = Debug|Any CPU
		{B3424C9D-F2CE-4454-ACD7-1CD44847921A}.Debug|x86.Build.0 = Debug|Any CPU
		{B3424C9D-F2CE-4454-ACD7-1CD44847921A}.Release|Any CPU.ActiveCfg = Release|Any CPU
		{B3424C9D-F2CE-4454-ACD7-1CD44847921A}.Release|Any CPU.Build.0 = Release|Any CPU
		{B3424C9D-F2CE-4454-ACD7-1CD44847921A}.Release|x64.ActiveCfg = Release|Any CPU
		{B3424C9D-F2CE-4454-ACD7-1CD44847921A}.Release|x64.Build.0 = Release|Any CPU
		{B3424C9D-F2CE-4454-ACD7-1CD44847921A}.Release|x86.ActiveCfg = Release|Any CPU
		{B3424C9D-F2CE-4454-ACD7-1CD44847921A}.Release|x86.Build.0 = Release|Any CPU
		{C2B35AA1-B8FE-D16D-DD77-CB310A7FC6F4}.Debug|Any CPU.ActiveCfg = Debug|Any CPU
		{C2B35AA1-B8FE-D16D-DD77-CB310A7FC6F4}.Debug|Any CPU.Build.0 = Debug|Any CPU
		{C2B35AA1-B8FE-D16D-DD77-CB310A7FC6F4}.Debug|x64.ActiveCfg = Debug|Any CPU
		{C2B35AA1-B8FE-D16D-DD77-CB310A7FC6F4}.Debug|x64.Build.0 = Debug|Any CPU
		{C2B35AA1-B8FE-D16D-DD77-CB310A7FC6F4}.Debug|x86.ActiveCfg = Debug|Any CPU
		{C2B35AA1-B8FE-D16D-DD77-CB310A7FC6F4}.Debug|x86.Build.0 = Debug|Any CPU
		{C2B35AA1-B8FE-D16D-DD77-CB310A7FC6F4}.Release|Any CPU.ActiveCfg = Release|Any CPU
		{C2B35AA1-B8FE-D16D-DD77-CB310A7FC6F4}.Release|Any CPU.Build.0 = Release|Any CPU
		{C2B35AA1-B8FE-D16D-DD77-CB310A7FC6F4}.Release|x64.ActiveCfg = Release|Any CPU
		{C2B35AA1-B8FE-D16D-DD77-CB310A7FC6F4}.Release|x64.Build.0 = Release|Any CPU
		{C2B35AA1-B8FE-D16D-DD77-CB310A7FC6F4}.Release|x86.ActiveCfg = Release|Any CPU
		{C2B35AA1-B8FE-D16D-DD77-CB310A7FC6F4}.Release|x86.Build.0 = Release|Any CPU
		{A366791B-864E-FDC1-705E-123F9658B39C}.Debug|Any CPU.ActiveCfg = Debug|Any CPU
		{A366791B-864E-FDC1-705E-123F9658B39C}.Debug|Any CPU.Build.0 = Debug|Any CPU
		{A366791B-864E-FDC1-705E-123F9658B39C}.Debug|x64.ActiveCfg = Debug|Any CPU
		{A366791B-864E-FDC1-705E-123F9658B39C}.Debug|x64.Build.0 = Debug|Any CPU
		{A366791B-864E-FDC1-705E-123F9658B39C}.Debug|x86.ActiveCfg = Debug|Any CPU
		{A366791B-864E-FDC1-705E-123F9658B39C}.Debug|x86.Build.0 = Debug|Any CPU
		{A366791B-864E-FDC1-705E-123F9658B39C}.Release|Any CPU.ActiveCfg = Release|Any CPU
		{A366791B-864E-FDC1-705E-123F9658B39C}.Release|Any CPU.Build.0 = Release|Any CPU
		{A366791B-864E-FDC1-705E-123F9658B39C}.Release|x64.ActiveCfg = Release|Any CPU
		{A366791B-864E-FDC1-705E-123F9658B39C}.Release|x64.Build.0 = Release|Any CPU
		{A366791B-864E-FDC1-705E-123F9658B39C}.Release|x86.ActiveCfg = Release|Any CPU
		{A366791B-864E-FDC1-705E-123F9658B39C}.Release|x86.Build.0 = Release|Any CPU
	EndGlobalSection
	GlobalSection(SolutionProperties) = preSolution
		HideSolutionNode = FALSE
	EndGlobalSection
	GlobalSection(ExtensibilityGlobals) = postSolution
		SolutionGuid = {C5C70E17-5E05-4D64-A8DF-9D46ED03F6B3}
	EndGlobalSection
EndGlobal
